
Microsoft Visual Studio Solution File, Format Version 12.00
# Visual Studio Version 17
VisualStudioVersion = 17.8.34525.116
MinimumVisualStudioVersion = 10.0.40219.1
Project("{FAE04EC0-301F-11D3-BF4B-00C04F79EFBC}") = "DortIslem", "DortIslem\DortIslem.csproj", "{BC25DE4C-6D71-4DD2-B1D8-CB6D606232C1}"
EndProject
Project("{FAE04EC0-301F-11D3-BF4B-00C04F79EFBC}") = "DortIslem.Test", "DortIslem.Test\DortIslem.Test.csproj", "{DA6392CA-5C71-401C-83D2-B37AB7EB62E3}"
EndProject
Global
	GlobalSection(SolutionConfigurationPlatforms) = preSolution
		Debug|Any CPU = Debug|Any CPU
		Release|Any CPU = Release|Any CPU
	EndGlobalSection
	GlobalSection(ProjectConfigurationPlatforms) = postSolution
		{BC25DE4C-6D71-4DD2-B1D8-CB6D606232C1}.Debug|Any CPU.ActiveCfg = Debug|Any CPU
		{BC25DE4C-6D71-4DD2-B1D8-CB6D606232C1}.Debug|Any CPU.Build.0 = Debug|Any CPU
		{BC25DE4C-6D71-4DD2-B1D8-CB6D606232C1}.Release|Any CPU.ActiveCfg = Release|Any CPU
		{BC25DE4C-6D71-4DD2-B1D8-CB6D606232C1}.Release|Any CPU.Build.0 = Release|Any CPU
		{DA6392CA-5C71-401C-83D2-B37AB7EB62E3}.Debug|Any CPU.ActiveCfg = Debug|Any CPU
		{DA6392CA-5C71-401C-83D2-B37AB7EB62E3}.Debug|Any CPU.Build.0 = Debug|Any CPU
		{DA6392CA-5C71-401C-83D2-B37AB7EB62E3}.Release|Any CPU.ActiveCfg = Release|Any CPU
		{DA6392CA-5C71-401C-83D2-B37AB7EB62E3}.Release|Any CPU.Build.0 = Release|Any CPU
	EndGlobalSection
	GlobalSection(SolutionProperties) = preSolution
		HideSolutionNode = FALSE
	EndGlobalSection
	GlobalSection(ExtensibilityGlobals) = postSolution
		SolutionGuid = {432D4D72-1975-4C87-BDD3-CBA0151B5899}
	EndGlobalSection
EndGlobal
