
Microsoft Visual Studio Solution File, Format Version 12.00
# Visual Studio Version 17
VisualStudioVersion = 17.8.34525.116
MinimumVisualStudioVersion = 10.0.40219.1
Project("{FAE04EC0-301F-11D3-BF4B-00C04F79EFBC}") = "DortIslemNUnit", "DortIslemNUnit\DortIslemNUnit.csproj", "{F7996042-33DD-4503-BC26-E8A2B6BE8DEE}"
EndProject
Project("{FAE04EC0-301F-11D3-BF4B-00C04F79EFBC}") = "DortIslem.Test", "DortIslem.Test\DortIslem.Test.csproj", "{AF281727-A4CE-4006-A4CB-0D3C38FA952C}"
EndProject
Global
	GlobalSection(SolutionConfigurationPlatforms) = preSolution
		Debug|Any CPU = Debug|Any CPU
		Release|Any CPU = Release|Any CPU
	EndGlobalSection
	GlobalSection(ProjectConfigurationPlatforms) = postSolution
		{F7996042-33DD-4503-BC26-E8A2B6BE8DEE}.Debug|Any CPU.ActiveCfg = Debug|Any CPU
		{F7996042-33DD-4503-BC26-E8A2B6BE8DEE}.Debug|Any CPU.Build.0 = Debug|Any CPU
		{F7996042-33DD-4503-BC26-E8A2B6BE8DEE}.Release|Any CPU.ActiveCfg = Release|Any CPU
		{F7996042-33DD-4503-BC26-E8A2B6BE8DEE}.Release|Any CPU.Build.0 = Release|Any CPU
		{AF281727-A4CE-4006-A4CB-0D3C38FA952C}.Debug|Any CPU.ActiveCfg = Debug|Any CPU
		{AF281727-A4CE-4006-A4CB-0D3C38FA952C}.Debug|Any CPU.Build.0 = Debug|Any CPU
		{AF281727-A4CE-4006-A4CB-0D3C38FA952C}.Release|Any CPU.ActiveCfg = Release|Any CPU
		{AF281727-A4CE-4006-A4CB-0D3C38FA952C}.Release|Any CPU.Build.0 = Release|Any CPU
	EndGlobalSection
	GlobalSection(SolutionProperties) = preSolution
		HideSolutionNode = FALSE
	EndGlobalSection
	GlobalSection(ExtensibilityGlobals) = postSolution
		SolutionGuid = {A4ED84ED-0ED4-4DE5-92FD-D0D5D1FF57B2}
	EndGlobalSection
EndGlobal
